
Microsoft Visual Studio Solution File, Format Version 12.00
# Visual Studio Version 16
VisualStudioVersion = 16.0.31702.278
MinimumVisualStudioVersion = 10.0.40219.1
Project("{FAE04EC0-301F-11D3-BF4B-00C04F79EFBC}") = "DigitalClock", "DigitalClock\DigitalClock.csproj", "{D0504820-952E-4810-AEC6-D8960B7FA4E8}"
EndProject
Global
	GlobalSection(SolutionConfigurationPlatforms) = preSolution
		Debug|Any CPU = Debug|Any CPU
		Release|Any CPU = Release|Any CPU
	EndGlobalSection
	GlobalSection(ProjectConfigurationPlatforms) = postSolution
		{D0504820-952E-4810-AEC6-D8960B7FA4E8}.Debug|Any CPU.ActiveCfg = Debug|Any CPU
		{D0504820-952E-4810-AEC6-D8960B7FA4E8}.Debug|Any CPU.Build.0 = Debug|Any CPU
		{D0504820-952E-4810-AEC6-D8960B7FA4E8}.Release|Any CPU.ActiveCfg = Release|Any CPU
		{D0504820-952E-4810-AEC6-D8960B7FA4E8}.Release|Any CPU.Build.0 = Release|Any CPU
	EndGlobalSection
	GlobalSection(SolutionProperties) = preSolution
		HideSolutionNode = FALSE
	EndGlobalSection
	GlobalSection(ExtensibilityGlobals) = postSolution
		SolutionGuid = {3AEE3207-34DE-4620-A714-99088057D489}
	EndGlobalSection
EndGlobal
